
Microsoft Visual Studio Solution File, Format Version 12.00
# Visual Studio Version 16
VisualStudioVersion = 16.0.32126.315
MinimumVisualStudioVersion = 10.0.40219.1
Project("{FAE04EC0-301F-11D3-BF4B-00C04F79EFBC}") = "MarkdownUWP", "MarkdownUWP\MarkdownUWP.csproj", "{3E79B9F8-4D67-41E8-8483-4C68026231D1}"
EndProject
Project("{FAE04EC0-301F-11D3-BF4B-00C04F79EFBC}") = "SharpCompress", "..\..\..\Downloads\SharpCompressUWP\SharpCompressUWP-main\src\SharpCompress.csproj", "{8F9BB3EE-E365-4FE0-B5EE-FB45D7E7FE41}"
EndProject
Global
	GlobalSection(SolutionConfigurationPlatforms) = preSolution
		Debug|ARM = Debug|ARM
		Debug|ARM64 = Debug|ARM64
		Debug|x64 = Debug|x64
		Debug|x86 = Debug|x86
		Release|ARM = Release|ARM
		Release|ARM64 = Release|ARM64
		Release|x64 = Release|x64
		Release|x86 = Release|x86
	EndGlobalSection
	GlobalSection(ProjectConfigurationPlatforms) = postSolution
		{3E79B9F8-4D67-41E8-8483-4C68026231D1}.Debug|ARM.ActiveCfg = Debug|ARM
		{3E79B9F8-4D67-41E8-8483-4C68026231D1}.Debug|ARM.Build.0 = Debug|ARM
		{3E79B9F8-4D67-41E8-8483-4C68026231D1}.Debug|ARM.Deploy.0 = Debug|ARM
		{3E79B9F8-4D67-41E8-8483-4C68026231D1}.Debug|ARM64.ActiveCfg = Debug|ARM64
		{3E79B9F8-4D67-41E8-8483-4C68026231D1}.Debug|ARM64.Build.0 = Debug|ARM64
		{3E79B9F8-4D67-41E8-8483-4C68026231D1}.Debug|ARM64.Deploy.0 = Debug|ARM64
		{3E79B9F8-4D67-41E8-8483-4C68026231D1}.Debug|x64.ActiveCfg = Debug|x64
		{3E79B9F8-4D67-41E8-8483-4C68026231D1}.Debug|x64.Build.0 = Debug|x64
		{3E79B9F8-4D67-41E8-8483-4C68026231D1}.Debug|x64.Deploy.0 = Debug|x64
		{3E79B9F8-4D67-41E8-8483-4C68026231D1}.Debug|x86.ActiveCfg = Debug|x86
		{3E79B9F8-4D67-41E8-8483-4C68026231D1}.Debug|x86.Build.0 = Debug|x86
		{3E79B9F8-4D67-41E8-8483-4C68026231D1}.Debug|x86.Deploy.0 = Debug|x86
		{3E79B9F8-4D67-41E8-8483-4C68026231D1}.Release|ARM.ActiveCfg = Release|ARM
		{3E79B9F8-4D67-41E8-8483-4C68026231D1}.Release|ARM.Build.0 = Release|ARM
		{3E79B9F8-4D67-41E8-8483-4C68026231D1}.Release|ARM.Deploy.0 = Release|ARM
		{3E79B9F8-4D67-41E8-8483-4C68026231D1}.Release|ARM64.ActiveCfg = Release|ARM64
		{3E79B9F8-4D67-41E8-8483-4C68026231D1}.Release|ARM64.Build.0 = Release|ARM64
		{3E79B9F8-4D67-41E8-8483-4C68026231D1}.Release|ARM64.Deploy.0 = Release|ARM64
		{3E79B9F8-4D67-41E8-8483-4C68026231D1}.Release|x64.ActiveCfg = Release|x64
		{3E79B9F8-4D67-41E8-8483-4C68026231D1}.Release|x64.Build.0 = Release|x64
		{3E79B9F8-4D67-41E8-8483-4C68026231D1}.Release|x64.Deploy.0 = Release|x64
		{3E79B9F8-4D67-41E8-8483-4C68026231D1}.Release|x86.ActiveCfg = Release|x86
		{3E79B9F8-4D67-41E8-8483-4C68026231D1}.Release|x86.Build.0 = Release|x86
		{3E79B9F8-4D67-41E8-8483-4C68026231D1}.Release|x86.Deploy.0 = Release|x86
		{8F9BB3EE-E365-4FE0-B5EE-FB45D7E7FE41}.Debug|ARM.ActiveCfg = Debug|ARM
		{8F9BB3EE-E365-4FE0-B5EE-FB45D7E7FE41}.Debug|ARM.Build.0 = Debug|ARM
		{8F9BB3EE-E365-4FE0-B5EE-FB45D7E7FE41}.Debug|ARM64.ActiveCfg = Debug|x86
		{8F9BB3EE-E365-4FE0-B5EE-FB45D7E7FE41}.Debug|x64.ActiveCfg = Debug|x64
		{8F9BB3EE-E365-4FE0-B5EE-FB45D7E7FE41}.Debug|x64.Build.0 = Debug|x64
		{8F9BB3EE-E365-4FE0-B5EE-FB45D7E7FE41}.Debug|x86.ActiveCfg = Debug|x86
		{8F9BB3EE-E365-4FE0-B5EE-FB45D7E7FE41}.Debug|x86.Build.0 = Debug|x86
		{8F9BB3EE-E365-4FE0-B5EE-FB45D7E7FE41}.Release|ARM.ActiveCfg = Release|ARM
		{8F9BB3EE-E365-4FE0-B5EE-FB45D7E7FE41}.Release|ARM.Build.0 = Release|ARM
		{8F9BB3EE-E365-4FE0-B5EE-FB45D7E7FE41}.Release|ARM64.ActiveCfg = Release|x86
		{8F9BB3EE-E365-4FE0-B5EE-FB45D7E7FE41}.Release|x64.ActiveCfg = Release|x64
		{8F9BB3EE-E365-4FE0-B5EE-FB45D7E7FE41}.Release|x64.Build.0 = Release|x64
		{8F9BB3EE-E365-4FE0-B5EE-FB45D7E7FE41}.Release|x86.ActiveCfg = Release|x86
		{8F9BB3EE-E365-4FE0-B5EE-FB45D7E7FE41}.Release|x86.Build.0 = Release|x86
	EndGlobalSection
	GlobalSection(SolutionProperties) = preSolution
		HideSolutionNode = FALSE
	EndGlobalSection
	GlobalSection(ExtensibilityGlobals) = postSolution
		SolutionGuid = {6FE5D206-9C76-473C-84EB-E219D93C1AE1}
	EndGlobalSection
EndGlobal
